// !$*UTF8*$!
{
	archiveVersion = 1;
	classes = {
	};
	objectVersion = 50;
	objects = {

/* Begin PBXBuildFile section */
		33BBC0CF239E87E300A206CB /* AppDelegate.swift in Sources */ = {isa = PBXBuildFile; fileRef = 33BBC0CE239E87E300A206CB /* AppDelegate.swift */; };
		33BBC0D1239E87E300A206CB /* SceneDelegate.swift in Sources */ = {isa = PBXBuildFile; fileRef = 33BBC0D0239E87E300A206CB /* SceneDelegate.swift */; };
		33BBC0D3239E87E300A206CB /* ViewController.swift in Sources */ = {isa = PBXBuildFile; fileRef = 33BBC0D2239E87E300A206CB /* ViewController.swift */; };
		33BBC0D6239E87E300A206CB /* Main.storyboard in Resources */ = {isa = PBXBuildFile; fileRef = 33BBC0D4239E87E300A206CB /* Main.storyboard */; };
		33BBC0D8239E87E600A206CB /* Assets.xcassets in Resources */ = {isa = PBXBuildFile; fileRef = 33BBC0D7239E87E600A206CB /* Assets.xcassets */; };
		33BBC0DB239E87E600A206CB /* LaunchScreen.storyboard in Resources */ = {isa = PBXBuildFile; fileRef = 33BBC0D9239E87E600A206CB /* LaunchScreen.storyboard */; };
/* End PBXBuildFile section */

/* Begin PBXFileReference section */
		33BBC0CB239E87E300A206CB /* FileExample.app */ = {isa = PBXFileReference; explicitFileType = wrapper.application; includeInIndex = 0; path = FileExample.app; sourceTree = BUILT_PRODUCTS_DIR; };
		33BBC0CE239E87E300A206CB /* AppDelegate.swift */ = {isa = PBXFileReference; lastKnownFileType = sourcecode.swift; path = AppDelegate.swift; sourceTree = "<group>"; };
		33BBC0D0239E87E300A206CB /* SceneDelegate.swift */ = {isa = PBXFileReference; lastKnownFileType = sourcecode.swift; path = SceneDelegate.swift; sourceTree = "<group>"; };
		33BBC0D2239E87E300A206CB /* ViewController.swift */ = {isa = PBXFileReference; lastKnownFileType = sourcecode.swift; path = ViewController.swift; sourceTree = "<group>"; };
		33BBC0D5239E87E300A206CB /* Base */ = {isa = PBXFileReference; lastKnownFileType = file.storyboard; name = Base; path = Base.lproj/Main.storyboard; sourceTree = "<group>"; };
		33BBC0D7239E87E600A206CB /* Assets.xcassets */ = {isa = PBXFileReference; lastKnownFileType = folder.assetcatalog; path = Assets.xcassets; sourceTree = "<group>"; };
		33BBC0DA239E87E600A206CB /* Base */ = {isa = PBXFileReference; lastKnownFileType = file.storyboard; name = Base; path = Base.lproj/LaunchScreen.storyboard; sourceTree = "<group>"; };
		33BBC0DC239E87E600A206CB /* Info.plist */ = {isa = PBXFileReference; lastKnownFileType = text.plist.xml; path = Info.plist; sourceTree = "<group>"; };
/* End PBXFileReference section */

/* Begin PBXFrameworksBuildPhase section */
		33BBC0C8239E87E300A206CB /* Frameworks */ = {
			isa = PBXFrameworksBuildPhase;
			buildActionMask = 2147483647;
			files = (
			);
			runOnlyForDeploymentPostprocessing = 0;
		};
/* End PBXFrameworksBuildPhase section */

/* Begin PBXGroup section */
		33BBC0C2239E87E300A206CB = {
			isa = PBXGroup;
			children = (
				33BBC0CD239E87E300A206CB /* FileExample */,
				33BBC0CC239E87E300A206CB /* Products */,
			);
			sourceTree = "<group>";
		};
		33BBC0CC239E87E300A206CB /* Products */ = {
			isa = PBXGroup;
			children = (
				33BBC0CB239E87E300A206CB /* FileExample.app */,
			);
			name = Products;
			sourceTree = "<group>";
		};
		33BBC0CD239E87E300A206CB /* FileExample */ = {
			isa = PBXGroup;
			children = (
				33BBC0CE239E87E300A206CB /* AppDelegate.swift */,
				33BBC0D0239E87E300A206CB /* SceneDelegate.swift */,
				33BBC0D2239E87E300A206CB /* ViewController.swift */,
				33BBC0D4239E87E300A206CB /* Main.storyboard */,
				33BBC0D7239E87E600A206CB /* Assets.xcassets */,
				33BBC0D9239E87E600A206CB /* LaunchScreen.storyboard */,
				33BBC0DC239E87E600A206CB /* Info.plist */,
			);
			path = FileExample;
			sourceTree = "<group>";
		};
/* End PBXGroup section */

/* Begin PBXNativeTarget section */
		33BBC0CA239E87E300A206CB /* FileExample */ = {
			isa = PBXNativeTarget;
			buildConfigurationList = 33BBC0DF239E87E600A206CB /* Build configuration list for PBXNativeTarget "FileExample" */;
			buildPhases = (
				33BBC0C7239E87E300A206CB /* Sources */,
				33BBC0C8239E87E300A206CB /* Frameworks */,
				33BBC0C9239E87E300A206CB /* Resources */,
			);
			buildRules = (
			);
			dependencies = (
			);
			name = FileExample;
			productName = FileExample;
			productReference = 33BBC0CB239E87E300A206CB /* FileExample.app */;
			productType = "com.apple.product-type.application";
		};
/* End PBXNativeTarget section */

/* Begin PBXProject section */
		33BBC0C3239E87E300A206CB /* Project object */ = {
			isa = PBXProject;
			attributes = {
				LastSwiftUpdateCheck = 1120;
				LastUpgradeCheck = 1120;
				ORGANIZATIONNAME = "Amani Hunter";
				TargetAttributes = {
					33BBC0CA239E87E300A206CB = {
						CreatedOnToolsVersion = 11.2;
					};
				};
			};
			buildConfigurationList = 33BBC0C6239E87E300A206CB /* Build configuration list for PBXProject "FileExample" */;
			compatibilityVersion = "Xcode 9.3";
			developmentRegion = en;
			hasScannedForEncodings = 0;
			knownRegions = (
				en,
				Base,
			);
			mainGroup = 33BBC0C2239E87E300A206CB;
			productRefGroup = 33BBC0CC239E87E300A206CB /* Products */;
			projectDirPath = "";
			projectRoot = "";
			targets = (
				33BBC0CA239E87E300A206CB /* FileExample */,
			);
		};
/* End PBXProject section */

/* Begin PBXResourcesBuildPhase section */
		33BBC0C9239E87E300A206CB /* Resources */ = {
			isa = PBXResourcesBuildPhase;
			buildActionMask = 2147483647;
			files = (
				33BBC0DB239E87E600A206CB /* LaunchScreen.storyboard in Resources */,
				33BBC0D8239E87E600A206CB /* Assets.xcassets in Resources */,
				33BBC0D6239E87E300A206CB /* Main.storyboard in Resources */,
			);
			runOnlyForDeploymentPostprocessing = 0;
		};
/* End PBXResourcesBuildPhase section */

/* Begin PBXSourcesBuildPhase section */
		33BBC0C7239E87E300A206CB /* Sources */ = {
			isa = PBXSourcesBuildPhase;
			buildActionMask = 2147483647;
			files = (
				33BBC0D3239E87E300A206CB /* ViewController.swift in Sources */,
				33BBC0CF239E87E300A206CB /* AppDelegate.swift in Sources */,
				33BBC0D1239E87E300A206CB /* SceneDelegate.swift in Sources */,
			);
			runOnlyForDeploymentPostprocessing = 0;
		};
/* End PBXSourcesBuildPhase section */

/* Begin PBXVariantGroup section */
		33BBC0D4239E87E300A206CB /* Main.storyboard */ = {
			isa = PBXVariantGroup;
			children = (
				33BBC0D5239E87E300A206CB /* Base */,
			);
			name = Main.storyboard;
			sourceTree = "<group>";
		};
		33BBC0D9239E87E600A206CB /* LaunchScreen.storyboard */ = {
			isa = PBXVariantGroup;
			children = (
				33BBC0DA239E87E600A206CB /* Base */,
			);
			name = LaunchScreen.storyboard;
			sourceTree = "<group>";
		};
/* End PBXVariantGroup section */

/* Begin XCBuildConfiguration section */
		33BBC0DD239E87E600A206CB /* Debug */ = {
			isa = XCBuildConfiguration;
			buildSettings = {
				ALWAYS_SEARCH_USER_PATHS = NO;
				CLANG_ANALYZER_NONNULL = YES;
				CLANG_ANALYZER_NUMBER_OBJECT_CONVERSION = YES_AGGRESSIVE;
				CLANG_CXX_LANGUAGE_STANDARD = "gnu++14";
				CLANG_CXX_LIBRARY = "libc++";
				CLANG_ENABLE_MODULES = YES;
				CLANG_ENABLE_OBJC_ARC = YES;
				CLANG_ENABLE_OBJC_WEAK = YES;
				CLANG_WARN_BLOCK_CAPTURE_AUTORELEASING = YES;
				CLANG_WARN_BOOL_CONVERSION = YES;
				CLANG_WARN_COMMA = YES;
				CLANG_WARN_CONSTANT_CONVERSION = YES;
				CLANG_WARN_DEPRECATED_OBJC_IMPLEMENTATIONS = YES;
				CLANG_WARN_DIRECT_OBJC_ISA_USAGE = YES_ERROR;
				CLANG_WARN_DOCUMENTATION_COMMENTS = YES;
				CLANG_WARN_EMPTY_BODY = YES;
				CLANG_WARN_ENUM_CONVERSION = YES;
				CLANG_WARN_INFINITE_RECURSION = YES;
				CLANG_WARN_INT_CONVERSION = YES;
				CLANG_WARN_NON_LITERAL_NULL_CONVERSION = YES;
				CLANG_WARN_OBJC_IMPLICIT_RETAIN_SELF = YES;
				CLANG_WARN_OBJC_LITERAL_CONVERSION = YES;
				CLANG_WARN_OBJC_ROOT_CLASS = YES_ERROR;
				CLANG_WARN_RANGE_LOOP_ANALYSIS = YES;
				CLANG_WARN_STRICT_PROTOTYPES = YES;
				CLANG_WARN_SUSPICIOUS_MOVE = YES;
				CLANG_WARN_UNGUARDED_AVAILABILITY = YES_AGGRESSIVE;
				CLANG_WARN_UNREACHABLE_CODE = YES;
				CLANG_WARN__DUPLICATE_METHOD_MATCH = YES;
				COPY_PHASE_STRIP = NO;
				DEBUG_INFORMATION_FORMAT = dwarf;
				ENABLE_STRICT_OBJC_MSGSEND = YES;
				ENABLE_TESTABILITY = YES;
				GCC_C_LANGUAGE_STANDARD = gnu11;
				GCC_DYNAMIC_NO_PIC = NO;
				GCC_NO_COMMON_BLOCKS = YES;
				GCC_OPTIMIZATION_LEVEL = 0;
				GCC_PREPROCESSOR_DEFINITIONS = (
					"DEBUG=1",
					"$(inherited)",
				);
				GCC_WARN_64_TO_32_BIT_CONVERSION = YES;
				GCC_WARN_ABOUT_RETURN_TYPE = YES_ERROR;
				GCC_WARN_UNDECLARED_SELECTOR = YES;
				GCC_WARN_UNINITIALIZED_AUTOS = YES_AGGRESSIVE;
				GCC_WARN_UNUSED_FUNCTION = YES;
				GCC_WARN_UNUSED_VARIABLE = YES;
				IPHONEOS_DEPLOYMENT_TARGET = 13.2;
				MTL_ENABLE_DEBUG_INFO = INCLUDE_SOURCE;
				MTL_FAST_MATH = YES;
				ONLY_ACTIVE_ARCH = YES;
				SDKROOT = iphoneos;
				SWIFT_ACTIVE_COMPILATION_CONDITIONS = DEBUG;
				SWIFT_OPTIMIZATION_LEVEL = "-Onone";
			};
			name = Debug;
		};
		33BBC0DE239E87E600A206CB /* Release */ = {
			isa = XCBuildConfiguration;
			buildSettings = {
				ALWAYS_SEARCH_USER_PATHS = NO;
				CLANG_ANALYZER_NONNULL = YES;
				CLANG_ANALYZER_NUMBER_OBJECT_CONVERSION = YES_AGGRESSIVE;
				CLANG_CXX_LANGUAGE_STANDARD = "gnu++14";
				CLANG_CXX_LIBRARY = "libc++";
				CLANG_ENABLE_MODULES = YES;
				CLANG_ENABLE_OBJC_ARC = YES;
				CLANG_ENABLE_OBJC_WEAK = YES;
				CLANG_WARN_BLOCK_CAPTURE_AUTORELEASING = YES;
				CLANG_WARN_BOOL_CONVERSION = YES;
				CLANG_WARN_COMMA = YES;
				CLANG_WARN_CONSTANT_CONVERSION = YES;
				CLANG_WARN_DEPRECATED_OBJC_IMPLEMENTATIONS = YES;
				CLANG_WARN_DIRECT_OBJC_ISA_USAGE = YES_ERROR;
				CLANG_WARN_DOCUMENTATION_COMMENTS = YES;
				CLANG_WARN_EMPTY_BODY = YES;
				CLANG_WARN_ENUM_CONVERSION = YES;
				CLANG_WARN_INFINITE_RECURSION = YES;
				CLANG_WARN_INT_CONVERSION = YES;
				CLANG_WARN_NON_LITERAL_NULL_CONVERSION = YES;
				CLANG_WARN_OBJC_IMPLICIT_RETAIN_SELF = YES;
				CLANG_WARN_OBJC_LITERAL_CONVERSION = YES;
				CLANG_WARN_OBJC_ROOT_CLASS = YES_ERROR;
				CLANG_WARN_RANGE_LOOP_ANALYSIS = YES;
				CLANG_WARN_STRICT_PROTOTYPES = YES;
				CLANG_WARN_SUSPICIOUS_MOVE = YES;
				CLANG_WARN_UNGUARDED_AVAILABILITY = YES_AGGRESSIVE;
				CLANG_WARN_UNREACHABLE_CODE = YES;
				CLANG_WARN__DUPLICATE_METHOD_MATCH = YES;
				COPY_PHASE_STRIP = NO;
				DEBUG_INFORMATION_FORMAT = "dwarf-with-dsym";
				ENABLE_NS_ASSERTIONS = NO;
				ENABLE_STRICT_OBJC_MSGSEND = YES;
				GCC_C_LANGUAGE_STANDARD = gnu11;
				GCC_NO_COMMON_BLOCKS = YES;
				GCC_WARN_64_TO_32_BIT_CONVERSION = YES;
				GCC_WARN_ABOUT_RETURN_TYPE = YES_ERROR;
				GCC_WARN_UNDECLARED_SELECTOR = YES;
				GCC_WARN_UNINITIALIZED_AUTOS = YES_AGGRESSIVE;
				GCC_WARN_UNUSED_FUNCTION = YES;
				GCC_WARN_UNUSED_VARIABLE = YES;
				IPHONEOS_DEPLOYMENT_TARGET = 13.2;
				MTL_ENABLE_DEBUG_INFO = NO;
				MTL_FAST_MATH = YES;
				SDKROOT = iphoneos;
				SWIFT_COMPILATION_MODE = wholemodule;
				SWIFT_OPTIMIZATION_LEVEL = "-O";
				VALIDATE_PRODUCT = YES;
			};
			name = Release;
		};
		33BBC0E0239E87E600A206CB /* Debug */ = {
			isa = XCBuildConfiguration;
			buildSettings = {
				ASSETCATALOG_COMPILER_APPICON_NAME = AppIcon;
				CODE_SIGN_STYLE = Automatic;
				DEVELOPMENT_TEAM = DKUVP623FW;
				INFOPLIST_FILE = FileExample/Info.plist;
				LD_RUNPATH_SEARCH_PATHS = (
					"$(inherited)",
					"@executable_path/Frameworks",
				);
				PRODUCT_BUNDLE_IDENTIFIER = co.INAMA.FileExample;
				PRODUCT_NAME = "$(TARGET_NAME)";
				SWIFT_VERSION = 5.0;
				TARGETED_DEVICE_FAMILY = "1,2";
			};
			name = Debug;
		};
		33BBC0E1239E87E600A206CB /* Release */ = {
			isa = XCBuildConfiguration;
			buildSettings = {
				ASSETCATALOG_COMPILER_APPICON_NAME = AppIcon;
				CODE_SIGN_STYLE = Automatic;
				DEVELOPMENT_TEAM = DKUVP623FW;
				INFOPLIST_FILE = FileExample/Info.plist;
				LD_RUNPATH_SEARCH_PATHS = (
					"$(inherited)",
					"@executable_path/Frameworks",
				);
				PRODUCT_BUNDLE_IDENTIFIER = co.INAMA.FileExample;
				PRODUCT_NAME = "$(TARGET_NAME)";
				SWIFT_VERSION = 5.0;
				TARGETED_DEVICE_FAMILY = "1,2";
			};
			name = Release;
		};
/* End XCBuildConfiguration section */

/* Begin XCConfigurationList section */
		33BBC0C6239E87E300A206CB /* Build configuration list for PBXProject "FileExample" */ = {
			isa = XCConfigurationList;
			buildConfigurations = (
				33BBC0DD239E87E600A206CB /* Debug */,
				33BBC0DE239E87E600A206CB /* Release */,
			);
			defaultConfigurationIsVisible = 0;
			defaultConfigurationName = Release;
		};
		33BBC0DF239E87E600A206CB /* Build configuration list for PBXNativeTarget "FileExample" */ = {
			isa = XCConfigurationList;
			buildConfigurations = (
				33BBC0E0239E87E600A206CB /* Debug */,
				33BBC0E1239E87E600A206CB /* Release */,
			);
			defaultConfigurationIsVisible = 0;
			defaultConfigurationName = Release;
		};
/* End XCConfigurationList section */
	};
	rootObject = 33BBC0C3239E87E300A206CB /* Project object */;
}
